---
ID: "294296da-06a0-4c24-99d0-190b23182e2f"
Parent: "d8ae49d3-adad-4384-8fe8-2836465dd88f"
Template: "51555475-5028-4b05-9b45-53be53615704"
Path: "/sitecore/content/fwd/fwd-th/Home/Testing/home-page/about-us/local-folder/ContentBlock"
DB: master
Languages:
- Language: en
  Versions:
  - Version: 1
    Fields:
    - ID: "25bed78c-4957-4165-998a-ca1b52f67497"
      Hint: __Created
      Value: 20200417T052735Z
    - ID: "400bbef7-3b80-4bdf-9bd8-05a96216391f"
      Hint: brightcoveVideo
      Value: "{2E6975FB-18C2-46E7-9BC4-087544987B30}"
    - ID: "5dd74568-4d4b-44c1-b513-0af5f4cda34f"
      Hint: __Created by
      Value: |
        sitecore\admin
    - ID: "d8e6a378-12df-4f47-903b-b691f8217f29"
      Hint: title
      Value: ContentBlock
