---
ID: "a1750308-cebd-44fa-976b-cc710a8d22c4"
Parent: "8652fab9-74c2-4aa4-8dc8-f5affa107943"
Template: "51555475-5028-4b05-9b45-53be53615704"
Path: "/sitecore/content/fwd/fwd-th/Home/Testing/home-page/Support1/local-folder/locator-content-block"
DB: master
SharedFields:
- ID: "a4f985d9-98b3-4b52-aaaf-4344f6e747c6"
  Hint: __Workflow
  Value: 
Languages:
- Language: en
  Fields:
  - ID: "b5e02ad9-d56f-4c41-a065-a133db87bdeb"
    Hint: __Display name
    Value: Locator Content Block
  Versions:
  - Version: 1
    Fields:
    - ID: "080cac52-a76d-44ce-a9e6-6d60dc56ad03"
      Hint: subTitle
      Value: 
    - ID: "25bed78c-4957-4165-998a-ca1b52f67497"
      Hint: __Created
      Value: 20200306T085752Z
    - ID: "3aa2547f-a64b-4ac7-81e4-9bd06adff03d"
      Hint: description
      Value: Easily locate our partner hospitals and offices in our vast network
    - ID: "3e431de1-525e-47a3-b6b0-1ccbec3a8c98"
      Hint: __Workflow state
      Value: 
    - ID: "d8e6a378-12df-4f47-903b-b691f8217f29"
      Hint: title
      Value: Our wide network
- Language: th
  Versions:
  - Version: 1
    Fields:
    - ID: "25bed78c-4957-4165-998a-ca1b52f67497"
      Hint: __Created
      Value: 20200413T045313Z
    - ID: "3aa2547f-a64b-4ac7-81e4-9bd06adff03d"
      Hint: description
      Value: ค้นหาโรงพยาบาลและสำนักงานคู่ค้าของเราได้อย่างง่ายดายในเครือข่ายที่กว้างขวางของเรา
    - ID: "5dd74568-4d4b-44c1-b513-0af5f4cda34f"
      Hint: __Created by
      Value: |
        sitecore\Admin
    - ID: "d8e6a378-12df-4f47-903b-b691f8217f29"
      Hint: title
      Value: เครือข่ายที่กว้างขวางของเรา
    - ID: "f365b9cc-c804-4520-8a22-6c165b97cfda"
      Hint: mediaType
      Value: "{A537F571-3E6F-4CDD-A9F9-5093569C9C19}"
