---
ID: "e276b172-24de-4e95-8148-3bce849a2aa7"
Parent: "351c5248-41a7-480f-945a-a42c1a0a6857"
Template: "51555475-5028-4b05-9b45-53be53615704"
Path: "/sitecore/content/fwd/fwd-th/Home/Testing/home-page/branding-pages/New Product Page/flexi-eb/group-enquiry-form/thankyou/local-folder/ContentBlock"
DB: master
SharedFields:
- ID: "6cd9b2c8-a41a-439e-8166-b0b7b0086f49"
  Hint: buttonMode
  Value: "{2D7E3979-8DAE-42D1-BFDF-45522DB9A1B9}"
- ID: "a4f985d9-98b3-4b52-aaaf-4344f6e747c6"
  Hint: __Workflow
  Value: 
- ID: "ca9b9f52-4fb0-4f87-a79f-24dea62cda65"
  Hint: __Default workflow
  Value: 
- ID: "ff4d8f7a-06bf-45ab-8306-c9bf727c5bd9"
  Hint: buttonIcon
  Value: 
Languages:
- Language: en
  Versions:
  - Version: 1
    Fields:
    - ID: "080cac52-a76d-44ce-a9e6-6d60dc56ad03"
      Hint: subTitle
      Value: 
    - ID: "25bed78c-4957-4165-998a-ca1b52f67497"
      Hint: __Created
      Value: 20200318T110507Z
    - ID: "3aa2547f-a64b-4ac7-81e4-9bd06adff03d"
      Hint: description
      Value: "Somebody from our customer service team will call you at your preferred time <strong>({weekday} {time})</strong>"
    - ID: "3e431de1-525e-47a3-b6b0-1ccbec3a8c98"
      Hint: __Workflow state
      Value: 
    - ID: "d8e6a378-12df-4f47-903b-b691f8217f29"
      Hint: title
      Value: Thank You
    - ID: "eeba35bc-d87b-44d7-bf8e-bd33cf543ac8"
      Hint: link
      Value: |
        <link text="Back to home" anchor="" linktype="internal" class="" title="Back To Home" target="" querystring="" id="{D6E16115-7D0C-4F41-BA04-1BD6821F4DFF}" />
- Language: th
  Versions:
  - Version: 1
    Fields:
    - ID: "25bed78c-4957-4165-998a-ca1b52f67497"
      Hint: __Created
      Value: 20200430T133243Z
    - ID: "3aa2547f-a64b-4ac7-81e4-9bd06adff03d"
      Hint: description
      Value: ทีมงานของเราจะติดต่อกลับในช่วงเวลาที่คุณเลือกไว้
    - ID: "5dd74568-4d4b-44c1-b513-0af5f4cda34f"
      Hint: __Created by
      Value: |
        sitecore\testuser
    - ID: "d8e6a378-12df-4f47-903b-b691f8217f29"
      Hint: title
      Value: ขอบคุณสำหรับข้อมูล
    - ID: "eeba35bc-d87b-44d7-bf8e-bd33cf543ac8"
      Hint: link
      Value: |
        <link text="กลับสู่หน้าหลัก" anchor="" linktype="internal" class="" title="" target="" querystring="" id="{D6E16115-7D0C-4F41-BA04-1BD6821F4DFF}" />
