---
ID: "b94a52f8-5fdc-472f-95ca-07e223332b42"
Parent: "866cce0c-c890-4668-9110-c06932ae5830"
Template: "51555475-5028-4b05-9b45-53be53615704"
Path: "/sitecore/content/fwd/fwd-th/Home/Products/Health/cancer-knockout/local-folder/ContentBlock"
DB: master
SharedFields:
- ID: "6cd9b2c8-a41a-439e-8166-b0b7b0086f49"
  Hint: buttonMode
  Value: 
- ID: "9cb76228-fc26-48b7-bd66-1c6e133b625d"
  Hint: secondaryLinkButtonMode
  Value: 
- ID: "a4f985d9-98b3-4b52-aaaf-4344f6e747c6"
  Hint: __Workflow
  Value: "{BD9D2AB7-4AC1-454B-A6A8-53B1DC5C0AC4}"
- ID: "dab4200c-a87f-4605-b2f7-2544616ece6e"
  Hint: secondaryLinkButtonIcon
  Value: 
- ID: "ff4d8f7a-06bf-45ab-8306-c9bf727c5bd9"
  Hint: buttonIcon
  Value: 
Languages:
- Language: en
  Versions:
  - Version: 1
    Fields:
    - ID: "080cac52-a76d-44ce-a9e6-6d60dc56ad03"
      Hint: subTitle
      Value: 
    - ID: "1189664e-c462-4227-9fea-efb77771ad71"
      Hint: enableFeaturedTags
      Type: Checkbox
      Value: 1
    - ID: "1e38642e-dc23-498d-95c1-c8cce55eeed5"
      Hint: mobileImage
      Value: 
    - ID: "25bed78c-4957-4165-998a-ca1b52f67497"
      Hint: __Created
      Value: 20191104T112453Z
    - ID: "2ff96014-55f5-468f-9a29-640ece5a9cea"
      Hint: image
      Value: 
    - ID: "3aa2547f-a64b-4ac7-81e4-9bd06adff03d"
      Hint: description
      Value: "We know that being diagnosed with cancer is one of life’s biggest challenges. So we designed FWD Cancer Knockout, our full package life protection plan that knocks out the competition. With up to THB 3 million, it’s designed to give you the best possible financial support for the best possible chance of recovery - whatever stage you’re at."
    - ID: "d8e6a378-12df-4f47-903b-b691f8217f29"
      Hint: title
      Value: Get cancer protection that’s tough enough
    - ID: "f365b9cc-c804-4520-8a22-6c165b97cfda"
      Hint: mediaType
      Value: 
- Language: th
  Versions:
  - Version: 1
    Fields:
    - ID: "080cac52-a76d-44ce-a9e6-6d60dc56ad03"
      Hint: subTitle
      Value: 
    - ID: "1e38642e-dc23-498d-95c1-c8cce55eeed5"
      Hint: mobileImage
      Value: 
    - ID: "25bed78c-4957-4165-998a-ca1b52f67497"
      Hint: __Created
      Value: 20200212T055200Z
    - ID: "2ff96014-55f5-468f-9a29-640ece5a9cea"
      Hint: image
      Value: 
    - ID: "3aa2547f-a64b-4ac7-81e4-9bd06adff03d"
      Hint: description
      Value: เรารู้ว่าการได้รับการวินิจฉัยว่าเป็นมะเร็งคือหนึ่งในความท้าทายที่สุดในชีวิต แคนเซอร์ น็อคเอาท์ แผนประกันคุ้มครองโรคมะเร็งจากเอฟดับบลิวดี จึงพร้อมมอบความคุ้มครองชีวิตและครอบคลุมมะเร็งทุกระยะ สูงสุดถึง 3 ล้านบาท เพื่อให้คุณหมดกังวลกับค่ารักษา และสู้กับมะเร็งได้อย่างเต็มที่ที่สุด
    - ID: "3e431de1-525e-47a3-b6b0-1ccbec3a8c98"
      Hint: __Workflow state
      Value: "{3302EB81-28CF-4EDF-B3F4-A175A8EEC671}"
    - ID: "5dd74568-4d4b-44c1-b513-0af5f4cda34f"
      Hint: __Created by
      Value: |
        sitecore\Anonymous
    - ID: "d8e6a378-12df-4f47-903b-b691f8217f29"
      Hint: title
      Value: ประกันมะเร็งที่แกร่ง พร้อมสู้ไปกับคุณ
    - ID: "f365b9cc-c804-4520-8a22-6c165b97cfda"
      Hint: mediaType
      Value: "{A537F571-3E6F-4CDD-A9F9-5093569C9C19}"
  - Version: 2
    Fields:
    - ID: "080cac52-a76d-44ce-a9e6-6d60dc56ad03"
      Hint: subTitle
      Value: 
    - ID: "1189664e-c462-4227-9fea-efb77771ad71"
      Hint: enableFeaturedTags
      Type: Checkbox
      Value: 1
    - ID: "1e38642e-dc23-498d-95c1-c8cce55eeed5"
      Hint: mobileImage
      Value: 
    - ID: "25bed78c-4957-4165-998a-ca1b52f67497"
      Hint: __Created
      Value: 20200814T080809Z
    - ID: "2ff96014-55f5-468f-9a29-640ece5a9cea"
      Hint: image
      Value: 
    - ID: "3aa2547f-a64b-4ac7-81e4-9bd06adff03d"
      Hint: description
      Value: เรารู้ว่าการได้รับการวินิจฉัยว่าเป็นมะเร็งคือหนึ่งในความท้าทายที่สุดในชีวิต แคนเซอร์ น็อคเอาท์ แผนประกันคุ้มครองโรคมะเร็งจากเอฟดับบลิวดี จึงพร้อมมอบความคุ้มครองชีวิตและครอบคลุมมะเร็งทุกระยะ สูงสุดถึง 3 ล้านบาท เพื่อให้คุณหมดกังวลกับค่ารักษา และสู้กับมะเร็งได้อย่างเต็มที่ที่สุด
    - ID: "3e431de1-525e-47a3-b6b0-1ccbec3a8c98"
      Hint: __Workflow state
      Value: "{3302EB81-28CF-4EDF-B3F4-A175A8EEC671}"
    - ID: "5dd74568-4d4b-44c1-b513-0af5f4cda34f"
      Hint: __Created by
      Value: |
        sitecore\Suwanna
    - ID: "c8f93afe-bfd4-4e8f-9c61-152559854661"
      Hint: __Valid from
      Value: 20200814T080809Z
    - ID: "d8e6a378-12df-4f47-903b-b691f8217f29"
      Hint: title
      Value: ประกันมะเร็งที่พร้อมสู้ไปกับคุณ
    - ID: "f365b9cc-c804-4520-8a22-6c165b97cfda"
      Hint: mediaType
      Value: "{A537F571-3E6F-4CDD-A9F9-5093569C9C19}"
