---
ID: "db956ad0-366d-44cb-89d1-0ec103a74132"
Parent: "bfef199f-4e7a-430d-94d5-93ddba2180cb"
Template: "51555475-5028-4b05-9b45-53be53615704"
Path: "/sitecore/content/fwd/fwd-th/Home/Testing/home-page/Products/Health/super-care/local-folder/ContentBlock"
DB: master
SharedFields:
- ID: "6cd9b2c8-a41a-439e-8166-b0b7b0086f49"
  Hint: buttonMode
  Value: 
- ID: "9cb76228-fc26-48b7-bd66-1c6e133b625d"
  Hint: secondaryLinkButtonMode
  Value: 
- ID: "dab4200c-a87f-4605-b2f7-2544616ece6e"
  Hint: secondaryLinkButtonIcon
  Value: 
- ID: "ff4d8f7a-06bf-45ab-8306-c9bf727c5bd9"
  Hint: buttonIcon
  Value: 
Languages:
- Language: en
  Versions:
  - Version: 1
    Fields:
    - ID: "080cac52-a76d-44ce-a9e6-6d60dc56ad03"
      Hint: subTitle
      Value: ContentBlock
    - ID: "1e38642e-dc23-498d-95c1-c8cce55eeed5"
      Hint: mobileImage
      Value: |
        <image mediaid="{10398967-2637-4D9F-B874-80CB56DFE008}" />
    - ID: "25bed78c-4957-4165-998a-ca1b52f67497"
      Hint: __Created
      Value: 20191104T112453Z
    - ID: "2ff96014-55f5-468f-9a29-640ece5a9cea"
      Hint: image
      Value: |
        <image mediaid="{1977106B-8714-4A53-AE67-3A25DE36F790}" />
    - ID: "3aa2547f-a64b-4ac7-81e4-9bd06adff03d"
      Hint: description
      Value: Live life the way you want with complete knockout for every cancer in one plan
    - ID: "d8e6a378-12df-4f47-903b-b691f8217f29"
      Hint: title
      Value: Punch harder to knock your cancer knockout
    - ID: "f365b9cc-c804-4520-8a22-6c165b97cfda"
      Hint: mediaType
      Value: "{A537F571-3E6F-4CDD-A9F9-5093569C9C19}"
- Language: th
  Versions:
  - Version: 1
    Fields:
    - ID: "080cac52-a76d-44ce-a9e6-6d60dc56ad03"
      Hint: subTitle
      Value: ContentBlock
    - ID: "1e38642e-dc23-498d-95c1-c8cce55eeed5"
      Hint: mobileImage
      Value: |
        <image mediaid="{10398967-2637-4D9F-B874-80CB56DFE008}" />
    - ID: "25bed78c-4957-4165-998a-ca1b52f67497"
      Hint: __Created
      Value: 20200212T055201Z
    - ID: "2ff96014-55f5-468f-9a29-640ece5a9cea"
      Hint: image
      Value: |
        <image mediaid="{10398967-2637-4D9F-B874-80CB56DFE008}" />
    - ID: "3aa2547f-a64b-4ac7-81e4-9bd06adff03d"
      Hint: description
      Value: Live life the way you want with complete knockout for every cancer in one plan
    - ID: "5dd74568-4d4b-44c1-b513-0af5f4cda34f"
      Hint: __Created by
      Value: |
        sitecore\Anonymous
    - ID: "d8e6a378-12df-4f47-903b-b691f8217f29"
      Hint: title
      Value: Punch harder to knock your cancer knockout
    - ID: "f365b9cc-c804-4520-8a22-6c165b97cfda"
      Hint: mediaType
      Value: "{A537F571-3E6F-4CDD-A9F9-5093569C9C19}"
