---
ID: "82855ba1-36df-4182-bbfd-640d83ef84af"
Parent: "c8371dcb-fb13-4d89-839f-d9a4af3ed20c"
Template: "51555475-5028-4b05-9b45-53be53615704"
Path: "/sitecore/content/fwd/fwd-th/Home/Testing/home-page/hospital-locator/local-folder/ContentBlock"
DB: master
Languages:
- Language: en
  Versions:
  - Version: 1
    Fields:
    - ID: "25bed78c-4957-4165-998a-ca1b52f67497"
      Hint: __Created
      Value: 20200106T061959Z
    - ID: "3aa2547f-a64b-4ac7-81e4-9bd06adff03d"
      Hint: description
      Value: These hospitals and clinics recognise FWD Care card. Use the filters to find a facility relevant to your needs.
    - ID: "d8e6a378-12df-4f47-903b-b691f8217f29"
      Hint: title
      Value: Our Wide Network
    - ID: "eeba35bc-d87b-44d7-bf8e-bd33cf543ac8"
      Hint: link
      Value: |
        <link text="" anchor="" linktype="internal" class="" title="" target="" querystring="" id="{AAD27929-2ECF-455F-9D17-7FBE1554B510}" />
- Language: th
  Versions:
  - Version: 1
    Fields:
    - ID: "25bed78c-4957-4165-998a-ca1b52f67497"
      Hint: __Created
      Value: 20200217T102735Z
    - ID: "3aa2547f-a64b-4ac7-81e4-9bd06adff03d"
      Hint: description
      Value: These hospitals and clinics recognize FWD care card.
    - ID: "5dd74568-4d4b-44c1-b513-0af5f4cda34f"
      Hint: __Created by
      Value: |
        sitecore\Anonymous
    - ID: "d8e6a378-12df-4f47-903b-b691f8217f29"
      Hint: title
      Value: "FWD-approved medical centers"
    - ID: "eeba35bc-d87b-44d7-bf8e-bd33cf543ac8"
      Hint: link
      Value: |
        <link text="" anchor="" linktype="internal" class="" title="" target="" querystring="" id="{AAD27929-2ECF-455F-9D17-7FBE1554B510}" />
    - ID: "f365b9cc-c804-4520-8a22-6c165b97cfda"
      Hint: mediaType
      Value: "{A537F571-3E6F-4CDD-A9F9-5093569C9C19}"
