---
ID: "1b8e87ba-454d-405f-9dc2-6f5759c4378e"
Parent: "e8495357-264a-4aca-b8db-798d8bcf06e2"
Template: "51555475-5028-4b05-9b45-53be53615704"
Path: "/sitecore/content/fwd/fwd-th/Home/Testing/home-page/Products/Health/CancerFighterRider/local-folder/Content Block"
DB: master
Languages:
- Language: en
  Versions:
  - Version: 1
    Fields:
    - ID: "25bed78c-4957-4165-998a-ca1b52f67497"
      Hint: __Created
      Value: 20200826T074046Z
    - ID: "3aa2547f-a64b-4ac7-81e4-9bd06adff03d"
      Hint: description
      Value: Getting diagnosed with cancer is tough, but your finance worries are safe with us as we prepare you for medical treatment
    - ID: "5dd74568-4d4b-44c1-b513-0af5f4cda34f"
      Hint: __Created by
      Value: |
        sitecore\admin
    - ID: "d8e6a378-12df-4f47-903b-b691f8217f29"
      Hint: title
      Value: Payout when first diagnosed with cancer
