---
ID: "f60199e5-2c6f-4386-9b38-9ede2de5ebfd"
Parent: "a332dade-4d9d-40c4-b31d-f2ed1badde18"
Template: "51555475-5028-4b05-9b45-53be53615704"
Path: "/sitecore/content/fwd/fwd-th/Home/Testing/home-page/Privileges/Privilege2/local-folder/ContentBlock"
DB: master
SharedFields:
- ID: "6cd9b2c8-a41a-439e-8166-b0b7b0086f49"
  Hint: buttonMode
  Value: "{4DD6C176-DFD9-4277-A586-5F24D9DD63BE}"
- ID: "9cb76228-fc26-48b7-bd66-1c6e133b625d"
  Hint: secondaryLinkButtonMode
  Value: "{333A9D74-C11E-40A0-AAB0-2DBFCB769530}"
- ID: "a4f985d9-98b3-4b52-aaaf-4344f6e747c6"
  Hint: __Workflow
  Value: 
- ID: "ba3f86a2-4a1c-4d78-b63d-91c2779c1b5e"
  Hint: __Sortorder
  Value: 300
Languages:
- Language: en
  Versions:
  - Version: 1
    Fields:
    - ID: "080cac52-a76d-44ce-a9e6-6d60dc56ad03"
      Hint: subTitle
      Value: Join the MAX challenge on the app to earn 5000 points.
    - ID: "1e38642e-dc23-498d-95c1-c8cce55eeed5"
      Hint: mobileImage
      Value: |
        <image mediaid="{5D9DBAAD-B9A8-43D6-B621-2965FCFFFB81}" />
    - ID: "25bed78c-4957-4165-998a-ca1b52f67497"
      Hint: __Created
      Value: 20200211T011313Z
    - ID: "2ff96014-55f5-468f-9a29-640ece5a9cea"
      Hint: image
      Value: |
        <image mediaid="{5D9DBAAD-B9A8-43D6-B621-2965FCFFFB81}" />
    - ID: "3aa2547f-a64b-4ac7-81e4-9bd06adff03d"
      Hint: description
      Value: Join the MAX challenge on the app to earn 5000 points.
    - ID: "d0be2ac7-85f9-4ba4-91da-613370dbd6d6"
      Hint: secondaryLink
      Value: 
    - ID: "d8e6a378-12df-4f47-903b-b691f8217f29"
      Hint: title
      Value: "Looking for more?"
    - ID: "eeba35bc-d87b-44d7-bf8e-bd33cf543ac8"
      Hint: link
      Value: 
- Language: th
  Versions:
  - Version: 1
    Fields:
    - ID: "080cac52-a76d-44ce-a9e6-6d60dc56ad03"
      Hint: subTitle
      Value: Join the MAX challenge on the app to earn 5000 points.
    - ID: "1e38642e-dc23-498d-95c1-c8cce55eeed5"
      Hint: mobileImage
      Value: |
        <image mediaid="{5D9DBAAD-B9A8-43D6-B621-2965FCFFFB81}" />
    - ID: "25bed78c-4957-4165-998a-ca1b52f67497"
      Hint: __Created
      Value: 20200311T094133Z
    - ID: "2ff96014-55f5-468f-9a29-640ece5a9cea"
      Hint: image
      Value: |
        <image mediaid="{5D9DBAAD-B9A8-43D6-B621-2965FCFFFB81}" />
    - ID: "3aa2547f-a64b-4ac7-81e4-9bd06adff03d"
      Hint: description
      Value: Join the MAX challenge on the app to earn 5000 points.
    - ID: "3e431de1-525e-47a3-b6b0-1ccbec3a8c98"
      Hint: __Workflow state
      Value: "{D80D2A5C-D5F8-4DA1-8828-B4F51D64461B}"
    - ID: "5dd74568-4d4b-44c1-b513-0af5f4cda34f"
      Hint: __Created by
      Value: |
        sitecore\Anonymous
    - ID: "d8e6a378-12df-4f47-903b-b691f8217f29"
      Hint: title
      Value: "Looking for more?"
    - ID: "f365b9cc-c804-4520-8a22-6c165b97cfda"
      Hint: mediaType
      Value: "{A537F571-3E6F-4CDD-A9F9-5093569C9C19}"
