---
ID: "cce2dfca-1f4b-404a-a58a-8bc130fdb389"
Parent: "ec1da0a3-7499-4fc9-92af-c583ad3dabb8"
Template: "51555475-5028-4b05-9b45-53be53615704"
Path: "/sitecore/content/fwd/fwd-th/Home/Products/Life Protection/local-folder/ContentBlock"
DB: master
SharedFields:
- ID: "ba3f86a2-4a1c-4d78-b63d-91c2779c1b5e"
  Hint: __Sortorder
  Value: 75
Languages:
- Language: en
  Versions:
  - Version: 1
    Fields:
    - ID: "25bed78c-4957-4165-998a-ca1b52f67497"
      Hint: __Created
      Value: 20200521T072044Z
    - ID: "3aa2547f-a64b-4ac7-81e4-9bd06adff03d"
      Hint: description
      Value: "Life protection is all about making sure your dependents have the money they need should you be no longer around. It means that if you pass away within the amount of time we agree (the policy ‘term’), we’ll pay a lump sum to whoever you choose (your ‘beneficiary’). The result is less worry and more confidence - for everyone."
    - ID: "5dd74568-4d4b-44c1-b513-0af5f4cda34f"
      Hint: __Created by
      Value: |
        sitecore\fwdtestauthor
    - ID: "d8e6a378-12df-4f47-903b-b691f8217f29"
      Hint: title
      Value: These are difficult conversations, but let’s sort it together.
- Language: th
  Versions:
  - Version: 1
    Fields:
    - ID: "25bed78c-4957-4165-998a-ca1b52f67497"
      Hint: __Created
      Value: 20200521T134653Z
    - ID: "3aa2547f-a64b-4ac7-81e4-9bd06adff03d"
      Hint: description
      Value: ประกันชีวิตเพื่อความคุ้มครอง คือแบบประกันที่จะทำให้คุณมั่นใจว่าครอบครัวที่คุณรักจะมีเงินเพื่อสามารถก้าวเดินต่อไปได้ในยามที่ไม่มีคุณอยู่แล้ว เพราะหากคุณจากไปภายในระยะเวลาคุ้มครอง เราจะมอบเงินก้อนให้กับผู้รับประโยชน์ที่คุณได้เลือกไว้ เพื่อให้คุณและคนที่คุณรักเบาใจและใช้ชีวิตอย่างมั่นใจได้เต็มที่
    - ID: "5dd74568-4d4b-44c1-b513-0af5f4cda34f"
      Hint: __Created by
      Value: |
        sitecore\admin
    - ID: "d8e6a378-12df-4f47-903b-b691f8217f29"
      Hint: title
      Value: เรื่องทำใจยากแค่ไหน เราก็พร้อมช่วยคุณจัดการ
